
Microsoft Visual Studio Solution File, Format Version 12.00
# Visual Studio Version 17
VisualStudioVersion = 17.5.002.0
MinimumVisualStudioVersion = 10.0.40219.1
Project("{9A19103F-16F7-4668-BE54-9A1E7A4F7556}") = "stationeers-api-mod", "stationeers-api-mod.csproj", "{163170D3-4E7A-43B3-B1FE-920DA7265049}"
EndProject
Global
	GlobalSection(SolutionConfigurationPlatforms) = preSolution
		Debug|Any CPU = Debug|Any CPU
		Release|Any CPU = Release|Any CPU
	EndGlobalSection
	GlobalSection(ProjectConfigurationPlatforms) = postSolution
		{163170D3-4E7A-43B3-B1FE-920DA7265049}.Debug|Any CPU.ActiveCfg = Debug|Any CPU
		{163170D3-4E7A-43B3-B1FE-920DA7265049}.Debug|Any CPU.Build.0 = Debug|Any CPU
		{163170D3-4E7A-43B3-B1FE-920DA7265049}.Release|Any CPU.ActiveCfg = Release|Any CPU
		{163170D3-4E7A-43B3-B1FE-920DA7265049}.Release|Any CPU.Build.0 = Release|Any CPU
	EndGlobalSection
	GlobalSection(SolutionProperties) = preSolution
		HideSolutionNode = FALSE
	EndGlobalSection
	GlobalSection(ExtensibilityGlobals) = postSolution
		SolutionGuid = {264FB49A-4BCC-49B2-91D7-3F6BBD19707F}
	EndGlobalSection
EndGlobal
